// !$*UTF8*$!
{
	archiveVersion = 1;
	classes = {
	};
	objectVersion = 77;
	objects = {

/* Begin PBXBuildFile section */
		9B436CEE2ED7824E00D79941 /* ComfyTile.icon in Resources */ = {isa = PBXBuildFile; fileRef = 9B436CED2ED7824E00D79941 /* ComfyTile.icon */; };
		9B490C752F0B5FFF00963D05 /* LocalShortcuts in Frameworks */ = {isa = PBXBuildFile; productRef = 9B490C742F0B5FFF00963D05 /* LocalShortcuts */; };
		9B4E04B82E934B05001CF411 /* Defaults in Frameworks */ = {isa = PBXBuildFile; productRef = 9B4E04B72E934B05001CF411 /* Defaults */; };
		9B68EE9C2F227716009567DF /* AXSubscription.swift in Sources */ = {isa = PBXBuildFile; fileRef = 9B68EE9B2F227711009567DF /* AXSubscription.swift */; };
		9B68EEA32F228C6C009567DF /* AppearanceSettings.swift in Sources */ = {isa = PBXBuildFile; fileRef = 9B68EEA22F228C6A009567DF /* AppearanceSettings.swift */; };
		9B68EEA72F22D124009567DF /* ComfySCWindow.swift in Sources */ = {isa = PBXBuildFile; fileRef = 9B68EEA62F22D123009567DF /* ComfySCWindow.swift */; };
		9B68EEA92F22F74F009567DF /* GlobalClickMonitor.swift in Sources */ = {isa = PBXBuildFile; fileRef = 9B68EEA82F22F74A009567DF /* GlobalClickMonitor.swift */; };
		9B8FBD922F0F033400CBF4B8 /* ComfyLogger in Frameworks */ = {isa = PBXBuildFile; productRef = 9B8FBD912F0F033400CBF4B8 /* ComfyLogger */; };
		9B8FBF1B2F1039BF00CBF4B8 /* Sparkle in Frameworks */ = {isa = PBXBuildFile; productRef = 9B8FBF1A2F1039BF00CBF4B8 /* Sparkle */; };
		9B8FC05D2F10B80D00CBF4B8 /* AppCoordinator.swift in Sources */ = {isa = PBXBuildFile; fileRef = 9B8FC00F2F10B80D00CBF4B8 /* AppCoordinator.swift */; };
		9B8FC05E2F10B80D00CBF4B8 /* AppDelegate.swift in Sources */ = {isa = PBXBuildFile; fileRef = 9B8FC0102F10B80D00CBF4B8 /* AppDelegate.swift */; };
		9B8FC05F2F10B80D00CBF4B8 /* HotKeyCoordinator.swift in Sources */ = {isa = PBXBuildFile; fileRef = 9B8FC0122F10B80D00CBF4B8 /* HotKeyCoordinator.swift */; };
		9B8FC0622F10B80D00CBF4B8 /* TilingCoverCoordinator.swift in Sources */ = {isa = PBXBuildFile; fileRef = 9B8FC0152F10B80D00CBF4B8 /* TilingCoverCoordinator.swift */; };
		9B8FC0632F10B80D00CBF4B8 /* WindowCoordinator.swift in Sources */ = {isa = PBXBuildFile; fileRef = 9B8FC0162F10B80D00CBF4B8 /* WindowCoordinator.swift */; };
		9B8FC0642F10B80D00CBF4B8 /* WindowSpatialEngine.swift in Sources */ = {isa = PBXBuildFile; fileRef = 9B8FC0172F10B80D00CBF4B8 /* WindowSpatialEngine.swift */; };
		9B8FC0652F10B80D00CBF4B8 /* WindowViewerCoordinator.swift in Sources */ = {isa = PBXBuildFile; fileRef = 9B8FC0182F10B80D00CBF4B8 /* WindowViewerCoordinator.swift */; };
		9B8FC0662F10B80D00CBF4B8 /* Bundle.swift in Sources */ = {isa = PBXBuildFile; fileRef = 9B8FC01A2F10B80D00CBF4B8 /* Bundle.swift */; };
		9B8FC0672F10B80D00CBF4B8 /* CGImage+placeholder.swift in Sources */ = {isa = PBXBuildFile; fileRef = 9B8FC01B2F10B80D00CBF4B8 /* CGImage+placeholder.swift */; };
		9B8FC0682F10B80D00CBF4B8 /* Divider+groupBoxStyle.swift in Sources */ = {isa = PBXBuildFile; fileRef = 9B8FC01C2F10B80D00CBF4B8 /* Divider+groupBoxStyle.swift */; };
		9B8FC0692F10B80D00CBF4B8 /* FocusablePanel.swift in Sources */ = {isa = PBXBuildFile; fileRef = 9B8FC01D2F10B80D00CBF4B8 /* FocusablePanel.swift */; };
		9B8FC06A2F10B80D00CBF4B8 /* Image+iconWithRectangle.swift in Sources */ = {isa = PBXBuildFile; fileRef = 9B8FC01E2F10B80D00CBF4B8 /* Image+iconWithRectangle.swift */; };
		9B8FC06B2F10B80D00CBF4B8 /* NSColor+toSIMD.swift in Sources */ = {isa = PBXBuildFile; fileRef = 9B8FC01F2F10B80D00CBF4B8 /* NSColor+toSIMD.swift */; };
		9B8FC06C2F10B80D00CBF4B8 /* View+destroyViewWindow.swift in Sources */ = {isa = PBXBuildFile; fileRef = 9B8FC0202F10B80D00CBF4B8 /* View+destroyViewWindow.swift */; };
		9B8FC06D2F10B80D00CBF4B8 /* View+omnidirectionalPanGesture.swift in Sources */ = {isa = PBXBuildFile; fileRef = 9B8FC0212F10B80D00CBF4B8 /* View+omnidirectionalPanGesture.swift */; };
		9B8FC0822F10B80D00CBF4B8 /* ShortcutRecorder.swift in Sources */ = {isa = PBXBuildFile; fileRef = 9B8FC0472F10B80D00CBF4B8 /* ShortcutRecorder.swift */; };
		9B8FC0832F10B80D00CBF4B8 /* TileShapeView.swift in Sources */ = {isa = PBXBuildFile; fileRef = 9B8FC0482F10B80D00CBF4B8 /* TileShapeView.swift */; };
		9B8FC0842F10B80D00CBF4B8 /* View+sectionBackground.swift in Sources */ = {isa = PBXBuildFile; fileRef = 9B8FC0492F10B80D00CBF4B8 /* View+sectionBackground.swift */; };
		9B8FC0852F10B80D00CBF4B8 /* ComfyTileMenuBar.swift in Sources */ = {isa = PBXBuildFile; fileRef = 9B8FC04B2F10B80D00CBF4B8 /* ComfyTileMenuBar.swift */; };
		9B8FC0862F10B80D00CBF4B8 /* SettingsView.swift in Sources */ = {isa = PBXBuildFile; fileRef = 9B8FC04D2F10B80D00CBF4B8 /* SettingsView.swift */; };
		9B8FC08A2F10B80D00CBF4B8 /* TilingCover.swift in Sources */ = {isa = PBXBuildFile; fileRef = 9B8FC0532F10B80D00CBF4B8 /* TilingCover.swift */; };
		9B8FC08B2F10B80D00CBF4B8 /* WindowViewer.swift in Sources */ = {isa = PBXBuildFile; fileRef = 9B8FC0552F10B80D00CBF4B8 /* WindowViewer.swift */; };
		9B8FC08C2F10B80D00CBF4B8 /* ComfyTileApp.swift in Sources */ = {isa = PBXBuildFile; fileRef = 9B8FC05A2F10B80D00CBF4B8 /* ComfyTileApp.swift */; };
		9B8FC08D2F10B80D00CBF4B8 /* Assets.xcassets in Resources */ = {isa = PBXBuildFile; fileRef = 9B8FC0582F10B80D00CBF4B8 /* Assets.xcassets */; };
		9B8FC0952F119FB400CBF4B8 /* NSRect+axPosition.swift in Sources */ = {isa = PBXBuildFile; fileRef = 9B8FC0942F119FAF00CBF4B8 /* NSRect+axPosition.swift */; };
		9B8FC0A92F11AB9E00CBF4B8 /* MenuBarCoordinator.swift in Sources */ = {isa = PBXBuildFile; fileRef = 9B8FC0A82F11AB9A00CBF4B8 /* MenuBarCoordinator.swift */; };
		9B8FC0AB2F11B08400CBF4B8 /* SettingsViewModel.swift in Sources */ = {isa = PBXBuildFile; fileRef = 9B8FC0AA2F11B08200CBF4B8 /* SettingsViewModel.swift */; };
		9B8FC0AD2F11D7BE00CBF4B8 /* ComfyTileTabBar.swift in Sources */ = {isa = PBXBuildFile; fileRef = 9B8FC0AC2F11D7BD00CBF4B8 /* ComfyTileTabBar.swift */; };
		9B8FC0AF2F11E78A00CBF4B8 /* ComfyTileMenuBarViewModel.swift in Sources */ = {isa = PBXBuildFile; fileRef = 9B8FC0AE2F11E78600CBF4B8 /* ComfyTileMenuBarViewModel.swift */; };
		9B8FC0B22F11EEF300CBF4B8 /* ComfyTileTabPlacement.swift in Sources */ = {isa = PBXBuildFile; fileRef = 9B8FC0B12F11EEF200CBF4B8 /* ComfyTileTabPlacement.swift */; };
		9B8FC0B42F11EF1300CBF4B8 /* ComfyTileTabs.swift in Sources */ = {isa = PBXBuildFile; fileRef = 9B8FC0B32F11EF1100CBF4B8 /* ComfyTileTabs.swift */; };
		9B8FC0B72F11FF6800CBF4B8 /* GeneralSettings.swift in Sources */ = {isa = PBXBuildFile; fileRef = 9B8FC0B62F11FF6800CBF4B8 /* GeneralSettings.swift */; };
		9B8FC0B92F11FFC000CBF4B8 /* SettingsTopBar.swift in Sources */ = {isa = PBXBuildFile; fileRef = 9B8FC0B82F11FFBE00CBF4B8 /* SettingsTopBar.swift */; };
		9B8FC0BB2F12019700CBF4B8 /* SettingsContent.swift in Sources */ = {isa = PBXBuildFile; fileRef = 9B8FC0BA2F12019500CBF4B8 /* SettingsContent.swift */; };
		9B8FC0BD2F1201A700CBF4B8 /* SettingsSidebar.swift in Sources */ = {isa = PBXBuildFile; fileRef = 9B8FC0BC2F1201A500CBF4B8 /* SettingsSidebar.swift */; };
		9B8FC0C12F12306D00CBF4B8 /* TileModeView.swift in Sources */ = {isa = PBXBuildFile; fileRef = 9B8FC0C02F12306B00CBF4B8 /* TileModeView.swift */; };
		9B8FC0C32F12307100CBF4B8 /* LayoutModeView.swift in Sources */ = {isa = PBXBuildFile; fileRef = 9B8FC0C22F12306E00CBF4B8 /* LayoutModeView.swift */; };
		9B8FC0C82F12ECFB00CBF4B8 /* MenuBarModeRow.swift in Sources */ = {isa = PBXBuildFile; fileRef = 9B8FC0C72F12ECFA00CBF4B8 /* MenuBarModeRow.swift */; };
		9B8FC0CA2F12EF5C00CBF4B8 /* MenuBarModeContainer.swift in Sources */ = {isa = PBXBuildFile; fileRef = 9B8FC0C92F12EF5900CBF4B8 /* MenuBarModeContainer.swift */; };
		9B8FC0D52F130B7700CBF4B8 /* HotKeyOrClose.swift in Sources */ = {isa = PBXBuildFile; fileRef = 9B8FC0D42F130B7400CBF4B8 /* HotKeyOrClose.swift */; };
		9B8FC0D72F130E7500CBF4B8 /* ShortcutEditableRow.swift in Sources */ = {isa = PBXBuildFile; fileRef = 9B8FC0D62F130E7100CBF4B8 /* ShortcutEditableRow.swift */; };
		9B9BCED32F184DE00020F3AD /* LocalShortcuts in Frameworks */ = {isa = PBXBuildFile; productRef = 9B9BCED22F184DE00020F3AD /* LocalShortcuts */; };
		9B9BCED62F184DEC0020F3AD /* ComfyLogger in Frameworks */ = {isa = PBXBuildFile; productRef = 9B9BCED52F184DEC0020F3AD /* ComfyLogger */; };
		9B9BCFC72F1971ED0020F3AD /* CheckForUpdatesView.swift in Sources */ = {isa = PBXBuildFile; fileRef = 9B9BCFC12F1971ED0020F3AD /* CheckForUpdatesView.swift */; };
		9B9BCFC82F1971ED0020F3AD /* UpdateUserDriver.swift in Sources */ = {isa = PBXBuildFile; fileRef = 9B9BCFBF2F1971ED0020F3AD /* UpdateUserDriver.swift */; };
		9B9BCFC92F1971ED0020F3AD /* ComfyTileUpdateView.swift in Sources */ = {isa = PBXBuildFile; fileRef = 9B9BCFC22F1971ED0020F3AD /* ComfyTileUpdateView.swift */; };
		9B9BCFCA2F1971ED0020F3AD /* UpdateController.swift in Sources */ = {isa = PBXBuildFile; fileRef = 9B9BCFBE2F1971ED0020F3AD /* UpdateController.swift */; };
		9B9BCFCB2F1971ED0020F3AD /* UpdaterViewModel.swift in Sources */ = {isa = PBXBuildFile; fileRef = 9B9BCFC42F1971ED0020F3AD /* UpdaterViewModel.swift */; };
		9B9BCFD02F1972190020F3AD /* PermissionService.swift in Sources */ = {isa = PBXBuildFile; fileRef = 9B9BCFCF2F1972190020F3AD /* PermissionService.swift */; };
		9B9BCFD32F1972350020F3AD /* DefaultsManager.swift in Sources */ = {isa = PBXBuildFile; fileRef = 9B9BCFD12F1972350020F3AD /* DefaultsManager.swift */; };
		9B9BCFD42F1972350020F3AD /* DefaultsKeys.swift in Sources */ = {isa = PBXBuildFile; fileRef = 9B9BCFD22F1972350020F3AD /* DefaultsKeys.swift */; };
		9B9BCFD72F1972C30020F3AD /* Modifiers.swift in Sources */ = {isa = PBXBuildFile; fileRef = 9B9BCFD52F1972C30020F3AD /* Modifiers.swift */; };
		9B9BCFDF2F1973030020F3AD /* WindowTilingProviding.swift in Sources */ = {isa = PBXBuildFile; fileRef = 9B9BCFDC2F1973030020F3AD /* WindowTilingProviding.swift */; };
		9B9BCFE02F1973030020F3AD /* WindowTilingService.swift in Sources */ = {isa = PBXBuildFile; fileRef = 9B9BCFDD2F1973030020F3AD /* WindowTilingService.swift */; };
		9B9BCFE22F1973570020F3AD /* WindowAnimator.swift in Sources */ = {isa = PBXBuildFile; fileRef = 9B9BCFE12F1973570020F3AD /* WindowAnimator.swift */; };
		9B9BCFE52F19736B0020F3AD /* ComfyWindow.swift in Sources */ = {isa = PBXBuildFile; fileRef = 9B9BCFE42F1973690020F3AD /* ComfyWindow.swift */; };
		9B9BCFE72F19738D0020F3AD /* WindowElement.swift in Sources */ = {isa = PBXBuildFile; fileRef = 9B9BCFE62F19738D0020F3AD /* WindowElement.swift */; };
		9B9BCFEA2F1973CB0020F3AD /* WindowServerBridge.swift in Sources */ = {isa = PBXBuildFile; fileRef = 9B9BCFE92F1973C60020F3AD /* WindowServerBridge.swift */; };
		9B9BCFEC2F1973DE0020F3AD /* ScreenshotHelper.swift in Sources */ = {isa = PBXBuildFile; fileRef = 9B9BCFEB2F1973DE0020F3AD /* ScreenshotHelper.swift */; };
		9B9BCFF22F1973F90020F3AD /* AXHelpers.swift in Sources */ = {isa = PBXBuildFile; fileRef = 9B9BCFED2F1973F90020F3AD /* AXHelpers.swift */; };
		9B9BCFF32F1973F90020F3AD /* CGSPrivate.swift in Sources */ = {isa = PBXBuildFile; fileRef = 9B9BCFEF2F1973F90020F3AD /* CGSPrivate.swift */; };
		9B9BCFF42F1973F90020F3AD /* CGSTypes.swift in Sources */ = {isa = PBXBuildFile; fileRef = 9B9BCFF02F1973F90020F3AD /* CGSTypes.swift */; };
		9B9BCFF62F19748C0020F3AD /* WindowCore.swift in Sources */ = {isa = PBXBuildFile; fileRef = 9B9BCFF52F19748A0020F3AD /* WindowCore.swift */; };
		9BA06A032F26F0090032DA0B /* OverlapCalculator.swift in Sources */ = {isa = PBXBuildFile; fileRef = 9BA06A022F26EFFD0032DA0B /* OverlapCalculator.swift */; };
		9BAF4AA12F1978CF006536D2 /* WindowLayoutProviding.swift in Sources */ = {isa = PBXBuildFile; fileRef = 9BAF4AA02F1978CB006536D2 /* WindowLayoutProviding.swift */; };
		9BAF4AA32F1978DF006536D2 /* WindowLayoutService.swift in Sources */ = {isa = PBXBuildFile; fileRef = 9BAF4AA22F1978DA006536D2 /* WindowLayoutService.swift */; };
		9BF95F0E2E9326AE00776771 /* KeyboardShortcuts in Frameworks */ = {isa = PBXBuildFile; productRef = 9BF95F0D2E9326AE00776771 /* KeyboardShortcuts */; };
/* End PBXBuildFile section */

/* Begin PBXCopyFilesBuildPhase section */
		9B9BCEE92F184EAA0020F3AD /* Embed Frameworks */ = {
			isa = PBXCopyFilesBuildPhase;
			buildActionMask = 2147483647;
			dstPath = "";
			dstSubfolderSpec = 10;
			files = (
			);
			name = "Embed Frameworks";
			runOnlyForDeploymentPostprocessing = 0;
		};
/* End PBXCopyFilesBuildPhase section */

/* Begin PBXFileReference section */
		9B436CED2ED7824E00D79941 /* ComfyTile.icon */ = {isa = PBXFileReference; lastKnownFileType = folder.iconcomposer.icon; path = ComfyTile.icon; sourceTree = "<group>"; };
		9B68EE9B2F227711009567DF /* AXSubscription.swift */ = {isa = PBXFileReference; lastKnownFileType = sourcecode.swift; path = AXSubscription.swift; sourceTree = "<group>"; };
		9B68EEA22F228C6A009567DF /* AppearanceSettings.swift */ = {isa = PBXFileReference; lastKnownFileType = sourcecode.swift; path = AppearanceSettings.swift; sourceTree = "<group>"; };
		9B68EEA62F22D123009567DF /* ComfySCWindow.swift */ = {isa = PBXFileReference; lastKnownFileType = sourcecode.swift; path = ComfySCWindow.swift; sourceTree = "<group>"; };
		9B68EEA82F22F74A009567DF /* GlobalClickMonitor.swift */ = {isa = PBXFileReference; lastKnownFileType = sourcecode.swift; path = GlobalClickMonitor.swift; sourceTree = "<group>"; };
		9B8FC00F2F10B80D00CBF4B8 /* AppCoordinator.swift */ = {isa = PBXFileReference; lastKnownFileType = sourcecode.swift; path = AppCoordinator.swift; sourceTree = "<group>"; };
		9B8FC0102F10B80D00CBF4B8 /* AppDelegate.swift */ = {isa = PBXFileReference; lastKnownFileType = sourcecode.swift; path = AppDelegate.swift; sourceTree = "<group>"; };
		9B8FC0122F10B80D00CBF4B8 /* HotKeyCoordinator.swift */ = {isa = PBXFileReference; lastKnownFileType = sourcecode.swift; path = HotKeyCoordinator.swift; sourceTree = "<group>"; };
		9B8FC0152F10B80D00CBF4B8 /* TilingCoverCoordinator.swift */ = {isa = PBXFileReference; lastKnownFileType = sourcecode.swift; path = TilingCoverCoordinator.swift; sourceTree = "<group>"; };
		9B8FC0162F10B80D00CBF4B8 /* WindowCoordinator.swift */ = {isa = PBXFileReference; lastKnownFileType = sourcecode.swift; path = WindowCoordinator.swift; sourceTree = "<group>"; };
		9B8FC0172F10B80D00CBF4B8 /* WindowSpatialEngine.swift */ = {isa = PBXFileReference; lastKnownFileType = sourcecode.swift; path = WindowSpatialEngine.swift; sourceTree = "<group>"; };
		9B8FC0182F10B80D00CBF4B8 /* WindowViewerCoordinator.swift */ = {isa = PBXFileReference; lastKnownFileType = sourcecode.swift; path = WindowViewerCoordinator.swift; sourceTree = "<group>"; };
		9B8FC01A2F10B80D00CBF4B8 /* Bundle.swift */ = {isa = PBXFileReference; lastKnownFileType = sourcecode.swift; path = Bundle.swift; sourceTree = "<group>"; };
		9B8FC01B2F10B80D00CBF4B8 /* CGImage+placeholder.swift */ = {isa = PBXFileReference; lastKnownFileType = sourcecode.swift; path = "CGImage+placeholder.swift"; sourceTree = "<group>"; };
		9B8FC01C2F10B80D00CBF4B8 /* Divider+groupBoxStyle.swift */ = {isa = PBXFileReference; lastKnownFileType = sourcecode.swift; path = "Divider+groupBoxStyle.swift"; sourceTree = "<group>"; };
		9B8FC01D2F10B80D00CBF4B8 /* FocusablePanel.swift */ = {isa = PBXFileReference; lastKnownFileType = sourcecode.swift; path = FocusablePanel.swift; sourceTree = "<group>"; };
		9B8FC01E2F10B80D00CBF4B8 /* Image+iconWithRectangle.swift */ = {isa = PBXFileReference; lastKnownFileType = sourcecode.swift; path = "Image+iconWithRectangle.swift"; sourceTree = "<group>"; };
		9B8FC01F2F10B80D00CBF4B8 /* NSColor+toSIMD.swift */ = {isa = PBXFileReference; lastKnownFileType = sourcecode.swift; path = "NSColor+toSIMD.swift"; sourceTree = "<group>"; };
		9B8FC0202F10B80D00CBF4B8 /* View+destroyViewWindow.swift */ = {isa = PBXFileReference; lastKnownFileType = sourcecode.swift; path = "View+destroyViewWindow.swift"; sourceTree = "<group>"; };
		9B8FC0212F10B80D00CBF4B8 /* View+omnidirectionalPanGesture.swift */ = {isa = PBXFileReference; lastKnownFileType = sourcecode.swift; path = "View+omnidirectionalPanGesture.swift"; sourceTree = "<group>"; };
		9B8FC0472F10B80D00CBF4B8 /* ShortcutRecorder.swift */ = {isa = PBXFileReference; lastKnownFileType = sourcecode.swift; path = ShortcutRecorder.swift; sourceTree = "<group>"; };
		9B8FC0482F10B80D00CBF4B8 /* TileShapeView.swift */ = {isa = PBXFileReference; lastKnownFileType = sourcecode.swift; path = TileShapeView.swift; sourceTree = "<group>"; };
		9B8FC0492F10B80D00CBF4B8 /* View+sectionBackground.swift */ = {isa = PBXFileReference; lastKnownFileType = sourcecode.swift; path = "View+sectionBackground.swift"; sourceTree = "<group>"; };
		9B8FC04B2F10B80D00CBF4B8 /* ComfyTileMenuBar.swift */ = {isa = PBXFileReference; lastKnownFileType = sourcecode.swift; path = ComfyTileMenuBar.swift; sourceTree = "<group>"; };
		9B8FC04D2F10B80D00CBF4B8 /* SettingsView.swift */ = {isa = PBXFileReference; lastKnownFileType = sourcecode.swift; path = SettingsView.swift; sourceTree = "<group>"; };
		9B8FC0532F10B80D00CBF4B8 /* TilingCover.swift */ = {isa = PBXFileReference; lastKnownFileType = sourcecode.swift; path = TilingCover.swift; sourceTree = "<group>"; };
		9B8FC0552F10B80D00CBF4B8 /* WindowViewer.swift */ = {isa = PBXFileReference; lastKnownFileType = sourcecode.swift; path = WindowViewer.swift; sourceTree = "<group>"; };
		9B8FC0582F10B80D00CBF4B8 /* Assets.xcassets */ = {isa = PBXFileReference; lastKnownFileType = folder.assetcatalog; path = Assets.xcassets; sourceTree = "<group>"; };
		9B8FC0592F10B80D00CBF4B8 /* ComfyTile.entitlements */ = {isa = PBXFileReference; lastKnownFileType = text.plist.entitlements; path = ComfyTile.entitlements; sourceTree = "<group>"; };
		9B8FC05A2F10B80D00CBF4B8 /* ComfyTileApp.swift */ = {isa = PBXFileReference; lastKnownFileType = sourcecode.swift; path = ComfyTileApp.swift; sourceTree = "<group>"; };
		9B8FC05B2F10B80D00CBF4B8 /* Info.plist */ = {isa = PBXFileReference; lastKnownFileType = text.plist.xml; path = Info.plist; sourceTree = "<group>"; };
		9B8FC0942F119FAF00CBF4B8 /* NSRect+axPosition.swift */ = {isa = PBXFileReference; lastKnownFileType = sourcecode.swift; path = "NSRect+axPosition.swift"; sourceTree = "<group>"; };
		9B8FC0A82F11AB9A00CBF4B8 /* MenuBarCoordinator.swift */ = {isa = PBXFileReference; lastKnownFileType = sourcecode.swift; path = MenuBarCoordinator.swift; sourceTree = "<group>"; };
		9B8FC0AA2F11B08200CBF4B8 /* SettingsViewModel.swift */ = {isa = PBXFileReference; lastKnownFileType = sourcecode.swift; path = SettingsViewModel.swift; sourceTree = "<group>"; };
		9B8FC0AC2F11D7BD00CBF4B8 /* ComfyTileTabBar.swift */ = {isa = PBXFileReference; lastKnownFileType = sourcecode.swift; path = ComfyTileTabBar.swift; sourceTree = "<group>"; };
		9B8FC0AE2F11E78600CBF4B8 /* ComfyTileMenuBarViewModel.swift */ = {isa = PBXFileReference; lastKnownFileType = sourcecode.swift; path = ComfyTileMenuBarViewModel.swift; sourceTree = "<group>"; };
		9B8FC0B12F11EEF200CBF4B8 /* ComfyTileTabPlacement.swift */ = {isa = PBXFileReference; lastKnownFileType = sourcecode.swift; path = ComfyTileTabPlacement.swift; sourceTree = "<group>"; };
		9B8FC0B32F11EF1100CBF4B8 /* ComfyTileTabs.swift */ = {isa = PBXFileReference; lastKnownFileType = sourcecode.swift; path = ComfyTileTabs.swift; sourceTree = "<group>"; };
		9B8FC0B62F11FF6800CBF4B8 /* GeneralSettings.swift */ = {isa = PBXFileReference; lastKnownFileType = sourcecode.swift; path = GeneralSettings.swift; sourceTree = "<group>"; };
		9B8FC0B82F11FFBE00CBF4B8 /* SettingsTopBar.swift */ = {isa = PBXFileReference; lastKnownFileType = sourcecode.swift; path = SettingsTopBar.swift; sourceTree = "<group>"; };
		9B8FC0BA2F12019500CBF4B8 /* SettingsContent.swift */ = {isa = PBXFileReference; lastKnownFileType = sourcecode.swift; path = SettingsContent.swift; sourceTree = "<group>"; };
		9B8FC0BC2F1201A500CBF4B8 /* SettingsSidebar.swift */ = {isa = PBXFileReference; lastKnownFileType = sourcecode.swift; path = SettingsSidebar.swift; sourceTree = "<group>"; };
		9B8FC0C02F12306B00CBF4B8 /* TileModeView.swift */ = {isa = PBXFileReference; lastKnownFileType = sourcecode.swift; path = TileModeView.swift; sourceTree = "<group>"; };
		9B8FC0C22F12306E00CBF4B8 /* LayoutModeView.swift */ = {isa = PBXFileReference; lastKnownFileType = sourcecode.swift; path = LayoutModeView.swift; sourceTree = "<group>"; };
		9B8FC0C72F12ECFA00CBF4B8 /* MenuBarModeRow.swift */ = {isa = PBXFileReference; lastKnownFileType = sourcecode.swift; path = MenuBarModeRow.swift; sourceTree = "<group>"; };
		9B8FC0C92F12EF5900CBF4B8 /* MenuBarModeContainer.swift */ = {isa = PBXFileReference; lastKnownFileType = sourcecode.swift; path = MenuBarModeContainer.swift; sourceTree = "<group>"; };
		9B8FC0D42F130B7400CBF4B8 /* HotKeyOrClose.swift */ = {isa = PBXFileReference; lastKnownFileType = sourcecode.swift; path = HotKeyOrClose.swift; sourceTree = "<group>"; };
		9B8FC0D62F130E7100CBF4B8 /* ShortcutEditableRow.swift */ = {isa = PBXFileReference; lastKnownFileType = sourcecode.swift; path = ShortcutEditableRow.swift; sourceTree = "<group>"; };
		9B9BCEC12F184D290020F3AD /* ComfyLogger */ = {isa = PBXFileReference; lastKnownFileType = wrapper; path = ComfyLogger; sourceTree = "<group>"; };
		9B9BCEC22F184D290020F3AD /* LocalShortcuts */ = {isa = PBXFileReference; lastKnownFileType = wrapper; path = LocalShortcuts; sourceTree = "<group>"; };
		9B9BCFBE2F1971ED0020F3AD /* UpdateController.swift */ = {isa = PBXFileReference; lastKnownFileType = sourcecode.swift; path = UpdateController.swift; sourceTree = "<group>"; };
		9B9BCFBF2F1971ED0020F3AD /* UpdateUserDriver.swift */ = {isa = PBXFileReference; lastKnownFileType = sourcecode.swift; path = UpdateUserDriver.swift; sourceTree = "<group>"; };
		9B9BCFC12F1971ED0020F3AD /* CheckForUpdatesView.swift */ = {isa = PBXFileReference; lastKnownFileType = sourcecode.swift; path = CheckForUpdatesView.swift; sourceTree = "<group>"; };
		9B9BCFC22F1971ED0020F3AD /* ComfyTileUpdateView.swift */ = {isa = PBXFileReference; lastKnownFileType = sourcecode.swift; path = ComfyTileUpdateView.swift; sourceTree = "<group>"; };
		9B9BCFC42F1971ED0020F3AD /* UpdaterViewModel.swift */ = {isa = PBXFileReference; lastKnownFileType = sourcecode.swift; path = UpdaterViewModel.swift; sourceTree = "<group>"; };
		9B9BCFCF2F1972190020F3AD /* PermissionService.swift */ = {isa = PBXFileReference; lastKnownFileType = sourcecode.swift; path = PermissionService.swift; sourceTree = "<group>"; };
		9B9BCFD12F1972350020F3AD /* DefaultsManager.swift */ = {isa = PBXFileReference; lastKnownFileType = sourcecode.swift; path = DefaultsManager.swift; sourceTree = "<group>"; };
		9B9BCFD22F1972350020F3AD /* DefaultsKeys.swift */ = {isa = PBXFileReference; lastKnownFileType = sourcecode.swift; path = DefaultsKeys.swift; sourceTree = "<group>"; };
		9B9BCFD52F1972C30020F3AD /* Modifiers.swift */ = {isa = PBXFileReference; lastKnownFileType = sourcecode.swift; path = Modifiers.swift; sourceTree = "<group>"; };
		9B9BCFDC2F1973030020F3AD /* WindowTilingProviding.swift */ = {isa = PBXFileReference; lastKnownFileType = sourcecode.swift; path = WindowTilingProviding.swift; sourceTree = "<group>"; };
		9B9BCFDD2F1973030020F3AD /* WindowTilingService.swift */ = {isa = PBXFileReference; lastKnownFileType = sourcecode.swift; path = WindowTilingService.swift; sourceTree = "<group>"; };
		9B9BCFE12F1973570020F3AD /* WindowAnimator.swift */ = {isa = PBXFileReference; lastKnownFileType = sourcecode.swift; path = WindowAnimator.swift; sourceTree = "<group>"; };
		9B9BCFE42F1973690020F3AD /* ComfyWindow.swift */ = {isa = PBXFileReference; lastKnownFileType = sourcecode.swift; path = ComfyWindow.swift; sourceTree = "<group>"; };
		9B9BCFE62F19738D0020F3AD /* WindowElement.swift */ = {isa = PBXFileReference; lastKnownFileType = sourcecode.swift; path = WindowElement.swift; sourceTree = "<group>"; };
		9B9BCFE92F1973C60020F3AD /* WindowServerBridge.swift */ = {isa = PBXFileReference; lastKnownFileType = sourcecode.swift; path = WindowServerBridge.swift; sourceTree = "<group>"; };
		9B9BCFEB2F1973DE0020F3AD /* ScreenshotHelper.swift */ = {isa = PBXFileReference; lastKnownFileType = sourcecode.swift; path = ScreenshotHelper.swift; sourceTree = "<group>"; };
		9B9BCFED2F1973F90020F3AD /* AXHelpers.swift */ = {isa = PBXFileReference; lastKnownFileType = sourcecode.swift; path = AXHelpers.swift; sourceTree = "<group>"; };
		9B9BCFEF2F1973F90020F3AD /* CGSPrivate.swift */ = {isa = PBXFileReference; lastKnownFileType = sourcecode.swift; path = CGSPrivate.swift; sourceTree = "<group>"; };
		9B9BCFF02F1973F90020F3AD /* CGSTypes.swift */ = {isa = PBXFileReference; lastKnownFileType = sourcecode.swift; path = CGSTypes.swift; sourceTree = "<group>"; };
		9B9BCFF52F19748A0020F3AD /* WindowCore.swift */ = {isa = PBXFileReference; lastKnownFileType = sourcecode.swift; path = WindowCore.swift; sourceTree = "<group>"; };
		9BA06A022F26EFFD0032DA0B /* OverlapCalculator.swift */ = {isa = PBXFileReference; lastKnownFileType = sourcecode.swift; path = OverlapCalculator.swift; sourceTree = "<group>"; };
		9BAF4AA02F1978CB006536D2 /* WindowLayoutProviding.swift */ = {isa = PBXFileReference; lastKnownFileType = sourcecode.swift; path = WindowLayoutProviding.swift; sourceTree = "<group>"; };
		9BAF4AA22F1978DA006536D2 /* WindowLayoutService.swift */ = {isa = PBXFileReference; lastKnownFileType = sourcecode.swift; path = WindowLayoutService.swift; sourceTree = "<group>"; };
		9BF95ECE2E9321E000776771 /* ComfyTile.app */ = {isa = PBXFileReference; explicitFileType = wrapper.application; includeInIndex = 0; path = ComfyTile.app; sourceTree = BUILT_PRODUCTS_DIR; };
/* End PBXFileReference section */

/* Begin PBXFrameworksBuildPhase section */
		9BF95ECB2E9321E000776771 /* Frameworks */ = {
			isa = PBXFrameworksBuildPhase;
			buildActionMask = 2147483647;
			files = (
				9B9BCED62F184DEC0020F3AD /* ComfyLogger in Frameworks */,
				9B9BCED32F184DE00020F3AD /* LocalShortcuts in Frameworks */,
				9B8FBF1B2F1039BF00CBF4B8 /* Sparkle in Frameworks */,
				9B490C752F0B5FFF00963D05 /* LocalShortcuts in Frameworks */,
				9B8FBD922F0F033400CBF4B8 /* ComfyLogger in Frameworks */,
				9B4E04B82E934B05001CF411 /* Defaults in Frameworks */,
				9BF95F0E2E9326AE00776771 /* KeyboardShortcuts in Frameworks */,
			);
			runOnlyForDeploymentPostprocessing = 0;
		};
/* End PBXFrameworksBuildPhase section */

/* Begin PBXGroup section */
		9B68EEA12F228C62009567DF /* Appearance */ = {
			isa = PBXGroup;
			children = (
				9B68EEA22F228C6A009567DF /* AppearanceSettings.swift */,
			);
			path = Appearance;
			sourceTree = "<group>";
		};
		9B8FC0112F10B80D00CBF4B8 /* App */ = {
			isa = PBXGroup;
			children = (
				9B8FC00F2F10B80D00CBF4B8 /* AppCoordinator.swift */,
				9B8FC0102F10B80D00CBF4B8 /* AppDelegate.swift */,
			);
			path = App;
			sourceTree = "<group>";
		};
		9B8FC0192F10B80D00CBF4B8 /* Coordinators */ = {
			isa = PBXGroup;
			children = (
				9B8FC0A82F11AB9A00CBF4B8 /* MenuBarCoordinator.swift */,
				9B8FC0122F10B80D00CBF4B8 /* HotKeyCoordinator.swift */,
				9B8FC0152F10B80D00CBF4B8 /* TilingCoverCoordinator.swift */,
				9B8FC0162F10B80D00CBF4B8 /* WindowCoordinator.swift */,
				9B8FC0182F10B80D00CBF4B8 /* WindowViewerCoordinator.swift */,
			);
			path = Coordinators;
			sourceTree = "<group>";
		};
		9B8FC0222F10B80D00CBF4B8 /* Extensions */ = {
			isa = PBXGroup;
			children = (
				9B8FC0942F119FAF00CBF4B8 /* NSRect+axPosition.swift */,
				9B8FC01A2F10B80D00CBF4B8 /* Bundle.swift */,
				9B8FC01B2F10B80D00CBF4B8 /* CGImage+placeholder.swift */,
				9B8FC01C2F10B80D00CBF4B8 /* Divider+groupBoxStyle.swift */,
				9B8FC01D2F10B80D00CBF4B8 /* FocusablePanel.swift */,
				9B8FC01E2F10B80D00CBF4B8 /* Image+iconWithRectangle.swift */,
				9B8FC01F2F10B80D00CBF4B8 /* NSColor+toSIMD.swift */,
				9B8FC0202F10B80D00CBF4B8 /* View+destroyViewWindow.swift */,
				9B8FC0212F10B80D00CBF4B8 /* View+omnidirectionalPanGesture.swift */,
			);
			path = Extensions;
			sourceTree = "<group>";
		};
		9B8FC04A2F10B80D00CBF4B8 /* Components */ = {
			isa = PBXGroup;
			children = (
				9B8FC0472F10B80D00CBF4B8 /* ShortcutRecorder.swift */,
				9B8FC0482F10B80D00CBF4B8 /* TileShapeView.swift */,
				9B8FC0492F10B80D00CBF4B8 /* View+sectionBackground.swift */,
			);
			path = Components;
			sourceTree = "<group>";
		};
		9B8FC04C2F10B80D00CBF4B8 /* MenuBar */ = {
			isa = PBXGroup;
			children = (
				9B8FC0AE2F11E78600CBF4B8 /* ComfyTileMenuBarViewModel.swift */,
				9B8FC04B2F10B80D00CBF4B8 /* ComfyTileMenuBar.swift */,
				9B8FC0AC2F11D7BD00CBF4B8 /* ComfyTileTabBar.swift */,
				9B8FC0B02F11EEEC00CBF4B8 /* Models */,
				9B8FC04A2F10B80D00CBF4B8 /* Components */,
			);
			path = MenuBar;
			sourceTree = "<group>";
		};
		9B8FC04E2F10B80D00CBF4B8 /* Settings */ = {
			isa = PBXGroup;
			children = (
				9B68EEA12F228C62009567DF /* Appearance */,
				9B8FC0B52F11FF6500CBF4B8 /* General */,
				9B8FC04D2F10B80D00CBF4B8 /* SettingsView.swift */,
				9B8FC0B82F11FFBE00CBF4B8 /* SettingsTopBar.swift */,
				9B8FC0BA2F12019500CBF4B8 /* SettingsContent.swift */,
				9B8FC0BC2F1201A500CBF4B8 /* SettingsSidebar.swift */,
				9B8FC0AA2F11B08200CBF4B8 /* SettingsViewModel.swift */,
			);
			path = Settings;
			sourceTree = "<group>";
		};
		9B8FC0542F10B80D00CBF4B8 /* TilingCover */ = {
			isa = PBXGroup;
			children = (
				9B8FC0532F10B80D00CBF4B8 /* TilingCover.swift */,
			);
			path = TilingCover;
			sourceTree = "<group>";
		};
		9B8FC0562F10B80D00CBF4B8 /* WindowViewer */ = {
			isa = PBXGroup;
			children = (
				9B8FC0552F10B80D00CBF4B8 /* WindowViewer.swift */,
			);
			path = WindowViewer;
			sourceTree = "<group>";
		};
		9B8FC0572F10B80D00CBF4B8 /* Views */ = {
			isa = PBXGroup;
			children = (
				9B8FC0C42F12ECF000CBF4B8 /* Component */,
				9B8FC0BF2F12306A00CBF4B8 /* TileMode */,
				9B8FC0BE2F12305900CBF4B8 /* LayoutMode */,
				9B8FC04C2F10B80D00CBF4B8 /* MenuBar */,
				9B8FC04E2F10B80D00CBF4B8 /* Settings */,
				9B8FC0542F10B80D00CBF4B8 /* TilingCover */,
				9B8FC0562F10B80D00CBF4B8 /* WindowViewer */,
			);
			path = Views;
			sourceTree = "<group>";
		};
		9B8FC05C2F10B80D00CBF4B8 /* ComfyTile */ = {
			isa = PBXGroup;
			children = (
				9B8FC0112F10B80D00CBF4B8 /* App */,
				9B8FC0192F10B80D00CBF4B8 /* Coordinators */,
				9B9BCFBD2F1971EB0020F3AD /* Features */,
				9B8FC0222F10B80D00CBF4B8 /* Extensions */,
				9B8FC0572F10B80D00CBF4B8 /* Views */,
				9B8FC0582F10B80D00CBF4B8 /* Assets.xcassets */,
				9B8FC0592F10B80D00CBF4B8 /* ComfyTile.entitlements */,
				9B8FC05A2F10B80D00CBF4B8 /* ComfyTileApp.swift */,
				9B8FC05B2F10B80D00CBF4B8 /* Info.plist */,
			);
			path = ComfyTile;
			sourceTree = "<group>";
		};
		9B8FC0B02F11EEEC00CBF4B8 /* Models */ = {
			isa = PBXGroup;
			children = (
				9B8FC0B32F11EF1100CBF4B8 /* ComfyTileTabs.swift */,
				9B8FC0B12F11EEF200CBF4B8 /* ComfyTileTabPlacement.swift */,
			);
			path = Models;
			sourceTree = "<group>";
		};
		9B8FC0B52F11FF6500CBF4B8 /* General */ = {
			isa = PBXGroup;
			children = (
				9B8FC0B62F11FF6800CBF4B8 /* GeneralSettings.swift */,
			);
			path = General;
			sourceTree = "<group>";
		};
		9B8FC0BE2F12305900CBF4B8 /* LayoutMode */ = {
			isa = PBXGroup;
			children = (
				9B8FC0C22F12306E00CBF4B8 /* LayoutModeView.swift */,
			);
			path = LayoutMode;
			sourceTree = "<group>";
		};
		9B8FC0BF2F12306A00CBF4B8 /* TileMode */ = {
			isa = PBXGroup;
			children = (
				9B8FC0C02F12306B00CBF4B8 /* TileModeView.swift */,
			);
			path = TileMode;
			sourceTree = "<group>";
		};
		9B8FC0C42F12ECF000CBF4B8 /* Component */ = {
			isa = PBXGroup;
			children = (
				9B8FC0D62F130E7100CBF4B8 /* ShortcutEditableRow.swift */,
				9B8FC0D42F130B7400CBF4B8 /* HotKeyOrClose.swift */,
				9B8FC0C92F12EF5900CBF4B8 /* MenuBarModeContainer.swift */,
				9B8FC0C72F12ECFA00CBF4B8 /* MenuBarModeRow.swift */,
			);
			path = Component;
			sourceTree = "<group>";
		};
		9B9BCFBD2F1971EB0020F3AD /* Features */ = {
			isa = PBXGroup;
			children = (
				9B9BCFCE2F1972170020F3AD /* Common */,
				9B9BCFC62F1971ED0020F3AD /* Updates */,
				9B9BCFCC2F1971F80020F3AD /* Windows */,
			);
			path = Features;
			sourceTree = "<group>";
		};
		9B9BCFC02F1971ED0020F3AD /* Core */ = {
			isa = PBXGroup;
			children = (
				9B9BCFBE2F1971ED0020F3AD /* UpdateController.swift */,
				9B9BCFBF2F1971ED0020F3AD /* UpdateUserDriver.swift */,
			);
			path = Core;
			sourceTree = "<group>";
		};
		9B9BCFC32F1971ED0020F3AD /* UI */ = {
			isa = PBXGroup;
			children = (
				9B9BCFC12F1971ED0020F3AD /* CheckForUpdatesView.swift */,
				9B9BCFC22F1971ED0020F3AD /* ComfyTileUpdateView.swift */,
			);
			path = UI;
			sourceTree = "<group>";
		};
		9B9BCFC52F1971ED0020F3AD /* ViewModel */ = {
			isa = PBXGroup;
			children = (
				9B9BCFC42F1971ED0020F3AD /* UpdaterViewModel.swift */,
			);
			path = ViewModel;
			sourceTree = "<group>";
		};
		9B9BCFC62F1971ED0020F3AD /* Updates */ = {
			isa = PBXGroup;
			children = (
				9B9BCFC02F1971ED0020F3AD /* Core */,
				9B9BCFC32F1971ED0020F3AD /* UI */,
				9B9BCFC52F1971ED0020F3AD /* ViewModel */,
			);
			path = Updates;
			sourceTree = "<group>";
		};
		9B9BCFCC2F1971F80020F3AD /* Windows */ = {
			isa = PBXGroup;
			children = (
				9B9BCFE82F1973BF0020F3AD /* Utils */,
				9B9BCFE32F1973660020F3AD /* Models */,
				9BAF4A9F2F1978B8006536D2 /* Layout */,
				9B9BCFDA2F1972FD0020F3AD /* Tiling */,
				9B9BCFE92F1973C60020F3AD /* WindowServerBridge.swift */,
				9B8FC0172F10B80D00CBF4B8 /* WindowSpatialEngine.swift */,
				9B9BCFF52F19748A0020F3AD /* WindowCore.swift */,
			);
			path = Windows;
			sourceTree = "<group>";
		};
		9B9BCFCE2F1972170020F3AD /* Common */ = {
			isa = PBXGroup;
			children = (
				9B9BCFD92F1972D10020F3AD /* Permission */,
				9B9BCFD82F1972C90020F3AD /* Persistance */,
				9B9BCFD62F1972C30020F3AD /* Input */,
			);
			path = Common;
			sourceTree = "<group>";
		};
		9B9BCFD62F1972C30020F3AD /* Input */ = {
			isa = PBXGroup;
			children = (
				9B9BCFD52F1972C30020F3AD /* Modifiers.swift */,
			);
			path = Input;
			sourceTree = "<group>";
		};
		9B9BCFD82F1972C90020F3AD /* Persistance */ = {
			isa = PBXGroup;
			children = (
				9B9BCFD12F1972350020F3AD /* DefaultsManager.swift */,
				9B9BCFD22F1972350020F3AD /* DefaultsKeys.swift */,
			);
			path = Persistance;
			sourceTree = "<group>";
		};
		9B9BCFD92F1972D10020F3AD /* Permission */ = {
			isa = PBXGroup;
			children = (
				9B9BCFCF2F1972190020F3AD /* PermissionService.swift */,
			);
			path = Permission;
			sourceTree = "<group>";
		};
		9B9BCFDA2F1972FD0020F3AD /* Tiling */ = {
			isa = PBXGroup;
			children = (
				9B9BCFE12F1973570020F3AD /* WindowAnimator.swift */,
				9B9BCFDC2F1973030020F3AD /* WindowTilingProviding.swift */,
				9B9BCFDD2F1973030020F3AD /* WindowTilingService.swift */,
			);
			path = Tiling;
			sourceTree = "<group>";
		};
		9B9BCFE32F1973660020F3AD /* Models */ = {
			isa = PBXGroup;
			children = (
				9B68EEA62F22D123009567DF /* ComfySCWindow.swift */,
				9B9BCFE62F19738D0020F3AD /* WindowElement.swift */,
				9B9BCFE42F1973690020F3AD /* ComfyWindow.swift */,
			);
			path = Models;
			sourceTree = "<group>";
		};
		9B9BCFE82F1973BF0020F3AD /* Utils */ = {
			isa = PBXGroup;
			children = (
				9B9BCFEE2F1973F90020F3AD /* AX */,
				9B9BCFF12F1973F90020F3AD /* CGS */,
				9BA06A022F26EFFD0032DA0B /* OverlapCalculator.swift */,
				9B68EEA82F22F74A009567DF /* GlobalClickMonitor.swift */,
				9B9BCFEB2F1973DE0020F3AD /* ScreenshotHelper.swift */,
			);
			path = Utils;
			sourceTree = "<group>";
		};
		9B9BCFEE2F1973F90020F3AD /* AX */ = {
			isa = PBXGroup;
			children = (
				9B68EE9B2F227711009567DF /* AXSubscription.swift */,
				9B9BCFED2F1973F90020F3AD /* AXHelpers.swift */,
			);
			path = AX;
			sourceTree = "<group>";
		};
		9B9BCFF12F1973F90020F3AD /* CGS */ = {
			isa = PBXGroup;
			children = (
				9B9BCFEF2F1973F90020F3AD /* CGSPrivate.swift */,
				9B9BCFF02F1973F90020F3AD /* CGSTypes.swift */,
			);
			path = CGS;
			sourceTree = "<group>";
		};
		9BAF4A9F2F1978B8006536D2 /* Layout */ = {
			isa = PBXGroup;
			children = (
				9BAF4AA02F1978CB006536D2 /* WindowLayoutProviding.swift */,
				9BAF4AA22F1978DA006536D2 /* WindowLayoutService.swift */,
			);
			path = Layout;
			sourceTree = "<group>";
		};
		9BF95EC52E9321E000776771 = {
			isa = PBXGroup;
			children = (
				9B436CED2ED7824E00D79941 /* ComfyTile.icon */,
				9B8FC05C2F10B80D00CBF4B8 /* ComfyTile */,
				9B9BCEC12F184D290020F3AD /* ComfyLogger */,
				9B9BCEC22F184D290020F3AD /* LocalShortcuts */,
				9BF95ECF2E9321E000776771 /* Products */,
			);
			sourceTree = "<group>";
		};
		9BF95ECF2E9321E000776771 /* Products */ = {
			isa = PBXGroup;
			children = (
				9BF95ECE2E9321E000776771 /* ComfyTile.app */,
			);
			name = Products;
			sourceTree = "<group>";
		};
/* End PBXGroup section */

/* Begin PBXNativeTarget section */
		9BF95ECD2E9321E000776771 /* ComfyTile */ = {
			isa = PBXNativeTarget;
			buildConfigurationList = 9BF95ED92E9321E200776771 /* Build configuration list for PBXNativeTarget "ComfyTile" */;
			buildPhases = (
				9BF95ECA2E9321E000776771 /* Sources */,
				9BF95ECB2E9321E000776771 /* Frameworks */,
				9BF95ECC2E9321E000776771 /* Resources */,
				9B9BCEE92F184EAA0020F3AD /* Embed Frameworks */,
			);
			buildRules = (
			);
			dependencies = (
			);
			name = ComfyTile;
			packageProductDependencies = (
				9BF95F0D2E9326AE00776771 /* KeyboardShortcuts */,
				9B4E04B72E934B05001CF411 /* Defaults */,
				9B490C742F0B5FFF00963D05 /* LocalShortcuts */,
				9B8FBD912F0F033400CBF4B8 /* ComfyLogger */,
				9B8FBF1A2F1039BF00CBF4B8 /* Sparkle */,
				9B9BCED22F184DE00020F3AD /* LocalShortcuts */,
				9B9BCED52F184DEC0020F3AD /* ComfyLogger */,
			);
			productName = TilingWIndowManager_Test;
			productReference = 9BF95ECE2E9321E000776771 /* ComfyTile.app */;
			productType = "com.apple.product-type.application";
		};
/* End PBXNativeTarget section */

/* Begin PBXProject section */
		9BF95EC62E9321E000776771 /* Project object */ = {
			isa = PBXProject;
			attributes = {
				BuildIndependentTargetsInParallel = 1;
				LastSwiftUpdateCheck = 2600;
				LastUpgradeCheck = 2600;
				TargetAttributes = {
					9BF95ECD2E9321E000776771 = {
						CreatedOnToolsVersion = 26.0;
					};
				};
			};
			buildConfigurationList = 9BF95EC92E9321E000776771 /* Build configuration list for PBXProject "ComfyTile" */;
			developmentRegion = en;
			hasScannedForEncodings = 0;
			knownRegions = (
				en,
				Base,
			);
			mainGroup = 9BF95EC52E9321E000776771;
			minimizedProjectReferenceProxies = 1;
			packageReferences = (
				9BF95F0C2E9326AE00776771 /* XCRemoteSwiftPackageReference "KeyboardShortcuts" */,
				9B4E04B62E934B05001CF411 /* XCRemoteSwiftPackageReference "Defaults" */,
				9B8FBF192F1039BF00CBF4B8 /* XCRemoteSwiftPackageReference "Sparkle" */,
				9B9BCED12F184DE00020F3AD /* XCLocalSwiftPackageReference "LocalShortcuts" */,
				9B9BCED42F184DEC0020F3AD /* XCLocalSwiftPackageReference "ComfyLogger" */,
			);
			preferredProjectObjectVersion = 77;
			productRefGroup = 9BF95ECF2E9321E000776771 /* Products */;
			projectDirPath = "";
			projectRoot = "";
			targets = (
				9BF95ECD2E9321E000776771 /* ComfyTile */,
			);
		};
/* End PBXProject section */

/* Begin PBXResourcesBuildPhase section */
		9BF95ECC2E9321E000776771 /* Resources */ = {
			isa = PBXResourcesBuildPhase;
			buildActionMask = 2147483647;
			files = (
				9B8FC08D2F10B80D00CBF4B8 /* Assets.xcassets in Resources */,
				9B436CEE2ED7824E00D79941 /* ComfyTile.icon in Resources */,
			);
			runOnlyForDeploymentPostprocessing = 0;
		};
/* End PBXResourcesBuildPhase section */

/* Begin PBXSourcesBuildPhase section */
		9BF95ECA2E9321E000776771 /* Sources */ = {
			isa = PBXSourcesBuildPhase;
			buildActionMask = 2147483647;
			files = (
				9B8FC0B22F11EEF300CBF4B8 /* ComfyTileTabPlacement.swift in Sources */,
				9B8FC05D2F10B80D00CBF4B8 /* AppCoordinator.swift in Sources */,
				9B8FC05E2F10B80D00CBF4B8 /* AppDelegate.swift in Sources */,
				9B8FC05F2F10B80D00CBF4B8 /* HotKeyCoordinator.swift in Sources */,
				9BAF4AA12F1978CF006536D2 /* WindowLayoutProviding.swift in Sources */,
				9B8FC0AF2F11E78A00CBF4B8 /* ComfyTileMenuBarViewModel.swift in Sources */,
				9B9BCFDF2F1973030020F3AD /* WindowTilingProviding.swift in Sources */,
				9B9BCFE02F1973030020F3AD /* WindowTilingService.swift in Sources */,
				9B9BCFEC2F1973DE0020F3AD /* ScreenshotHelper.swift in Sources */,
				9B9BCFE52F19736B0020F3AD /* ComfyWindow.swift in Sources */,
				9BAF4AA32F1978DF006536D2 /* WindowLayoutService.swift in Sources */,
				9B8FC0622F10B80D00CBF4B8 /* TilingCoverCoordinator.swift in Sources */,
				9B8FC0632F10B80D00CBF4B8 /* WindowCoordinator.swift in Sources */,
				9B8FC0AD2F11D7BE00CBF4B8 /* ComfyTileTabBar.swift in Sources */,
				9B8FC0642F10B80D00CBF4B8 /* WindowSpatialEngine.swift in Sources */,
				9B8FC0C12F12306D00CBF4B8 /* TileModeView.swift in Sources */,
				9B9BCFE72F19738D0020F3AD /* WindowElement.swift in Sources */,
				9B8FC0652F10B80D00CBF4B8 /* WindowViewerCoordinator.swift in Sources */,
				9B68EEA72F22D124009567DF /* ComfySCWindow.swift in Sources */,
				9B8FC0CA2F12EF5C00CBF4B8 /* MenuBarModeContainer.swift in Sources */,
				9B8FC0C32F12307100CBF4B8 /* LayoutModeView.swift in Sources */,
				9B8FC0D52F130B7700CBF4B8 /* HotKeyOrClose.swift in Sources */,
				9B8FC0662F10B80D00CBF4B8 /* Bundle.swift in Sources */,
				9B8FC0D72F130E7500CBF4B8 /* ShortcutEditableRow.swift in Sources */,
				9B68EE9C2F227716009567DF /* AXSubscription.swift in Sources */,
				9B8FC0672F10B80D00CBF4B8 /* CGImage+placeholder.swift in Sources */,
				9B8FC0682F10B80D00CBF4B8 /* Divider+groupBoxStyle.swift in Sources */,
				9B9BCFEA2F1973CB0020F3AD /* WindowServerBridge.swift in Sources */,
				9BA06A032F26F0090032DA0B /* OverlapCalculator.swift in Sources */,
				9B8FC0692F10B80D00CBF4B8 /* FocusablePanel.swift in Sources */,
				9B8FC06A2F10B80D00CBF4B8 /* Image+iconWithRectangle.swift in Sources */,
				9B68EEA92F22F74F009567DF /* GlobalClickMonitor.swift in Sources */,
				9B8FC0B72F11FF6800CBF4B8 /* GeneralSettings.swift in Sources */,
				9B8FC0BD2F1201A700CBF4B8 /* SettingsSidebar.swift in Sources */,
				9B8FC0B42F11EF1300CBF4B8 /* ComfyTileTabs.swift in Sources */,
				9B8FC06B2F10B80D00CBF4B8 /* NSColor+toSIMD.swift in Sources */,
				9B8FC0A92F11AB9E00CBF4B8 /* MenuBarCoordinator.swift in Sources */,
				9B8FC06C2F10B80D00CBF4B8 /* View+destroyViewWindow.swift in Sources */,
				9B8FC06D2F10B80D00CBF4B8 /* View+omnidirectionalPanGesture.swift in Sources */,
				9B9BCFC72F1971ED0020F3AD /* CheckForUpdatesView.swift in Sources */,
				9B9BCFC82F1971ED0020F3AD /* UpdateUserDriver.swift in Sources */,
				9B9BCFC92F1971ED0020F3AD /* ComfyTileUpdateView.swift in Sources */,
				9B9BCFCA2F1971ED0020F3AD /* UpdateController.swift in Sources */,
				9B9BCFCB2F1971ED0020F3AD /* UpdaterViewModel.swift in Sources */,
				9B8FC0B92F11FFC000CBF4B8 /* SettingsTopBar.swift in Sources */,
				9B8FC0BB2F12019700CBF4B8 /* SettingsContent.swift in Sources */,
				9B8FC0C82F12ECFB00CBF4B8 /* MenuBarModeRow.swift in Sources */,
				9B8FC0AB2F11B08400CBF4B8 /* SettingsViewModel.swift in Sources */,
				9B8FC0952F119FB400CBF4B8 /* NSRect+axPosition.swift in Sources */,
				9B9BCFF62F19748C0020F3AD /* WindowCore.swift in Sources */,
				9B8FC0822F10B80D00CBF4B8 /* ShortcutRecorder.swift in Sources */,
				9B8FC0832F10B80D00CBF4B8 /* TileShapeView.swift in Sources */,
				9B8FC0842F10B80D00CBF4B8 /* View+sectionBackground.swift in Sources */,
				9B8FC0852F10B80D00CBF4B8 /* ComfyTileMenuBar.swift in Sources */,
				9B9BCFD72F1972C30020F3AD /* Modifiers.swift in Sources */,
				9B68EEA32F228C6C009567DF /* AppearanceSettings.swift in Sources */,
				9B9BCFD32F1972350020F3AD /* DefaultsManager.swift in Sources */,
				9B9BCFD42F1972350020F3AD /* DefaultsKeys.swift in Sources */,
				9B8FC0862F10B80D00CBF4B8 /* SettingsView.swift in Sources */,
				9B9BCFF22F1973F90020F3AD /* AXHelpers.swift in Sources */,
				9B9BCFF32F1973F90020F3AD /* CGSPrivate.swift in Sources */,
				9B9BCFF42F1973F90020F3AD /* CGSTypes.swift in Sources */,
				9B9BCFE22F1973570020F3AD /* WindowAnimator.swift in Sources */,
				9B8FC08A2F10B80D00CBF4B8 /* TilingCover.swift in Sources */,
				9B8FC08B2F10B80D00CBF4B8 /* WindowViewer.swift in Sources */,
				9B9BCFD02F1972190020F3AD /* PermissionService.swift in Sources */,
				9B8FC08C2F10B80D00CBF4B8 /* ComfyTileApp.swift in Sources */,
			);
			runOnlyForDeploymentPostprocessing = 0;
		};
/* End PBXSourcesBuildPhase section */

/* Begin XCBuildConfiguration section */
		9BF95ED72E9321E200776771 /* Debug */ = {
			isa = XCBuildConfiguration;
			buildSettings = {
				ALWAYS_SEARCH_USER_PATHS = NO;
				ASSETCATALOG_COMPILER_GENERATE_SWIFT_ASSET_SYMBOL_EXTENSIONS = YES;
				CLANG_ANALYZER_NONNULL = YES;
				CLANG_ANALYZER_NUMBER_OBJECT_CONVERSION = YES_AGGRESSIVE;
				CLANG_CXX_LANGUAGE_STANDARD = "gnu++20";
				CLANG_ENABLE_MODULES = YES;
				CLANG_ENABLE_OBJC_ARC = YES;
				CLANG_ENABLE_OBJC_WEAK = YES;
				CLANG_WARN_BLOCK_CAPTURE_AUTORELEASING = YES;
				CLANG_WARN_BOOL_CONVERSION = YES;
				CLANG_WARN_COMMA = YES;
				CLANG_WARN_CONSTANT_CONVERSION = YES;
				CLANG_WARN_DEPRECATED_OBJC_IMPLEMENTATIONS = YES;
				CLANG_WARN_DIRECT_OBJC_ISA_USAGE = YES_ERROR;
				CLANG_WARN_DOCUMENTATION_COMMENTS = YES;
				CLANG_WARN_EMPTY_BODY = YES;
				CLANG_WARN_ENUM_CONVERSION = YES;
				CLANG_WARN_INFINITE_RECURSION = YES;
				CLANG_WARN_INT_CONVERSION = YES;
				CLANG_WARN_NON_LITERAL_NULL_CONVERSION = YES;
				CLANG_WARN_OBJC_IMPLICIT_RETAIN_SELF = YES;
				CLANG_WARN_OBJC_LITERAL_CONVERSION = YES;
				CLANG_WARN_OBJC_ROOT_CLASS = YES_ERROR;
				CLANG_WARN_QUOTED_INCLUDE_IN_FRAMEWORK_HEADER = YES;
				CLANG_WARN_RANGE_LOOP_ANALYSIS = YES;
				CLANG_WARN_STRICT_PROTOTYPES = YES;
				CLANG_WARN_SUSPICIOUS_MOVE = YES;
				CLANG_WARN_UNGUARDED_AVAILABILITY = YES_AGGRESSIVE;
				CLANG_WARN_UNREACHABLE_CODE = YES;
				CLANG_WARN__DUPLICATE_METHOD_MATCH = YES;
				COPY_PHASE_STRIP = NO;
				DEBUG_INFORMATION_FORMAT = dwarf;
				DEVELOPMENT_TEAM = B9P888266K;
				ENABLE_STRICT_OBJC_MSGSEND = YES;
				ENABLE_TESTABILITY = YES;
				ENABLE_USER_SCRIPT_SANDBOXING = YES;
				GCC_C_LANGUAGE_STANDARD = gnu17;
				GCC_DYNAMIC_NO_PIC = NO;
				GCC_NO_COMMON_BLOCKS = YES;
				GCC_OPTIMIZATION_LEVEL = 0;
				GCC_PREPROCESSOR_DEFINITIONS = (
					"DEBUG=1",
					"$(inherited)",
				);
				GCC_WARN_64_TO_32_BIT_CONVERSION = YES;
				GCC_WARN_ABOUT_RETURN_TYPE = YES_ERROR;
				GCC_WARN_UNDECLARED_SELECTOR = YES;
				GCC_WARN_UNINITIALIZED_AUTOS = YES_AGGRESSIVE;
				GCC_WARN_UNUSED_FUNCTION = YES;
				GCC_WARN_UNUSED_VARIABLE = YES;
				LOCALIZATION_PREFERS_STRING_CATALOGS = YES;
				MACOSX_DEPLOYMENT_TARGET = 26.0;
				MTL_ENABLE_DEBUG_INFO = INCLUDE_SOURCE;
				MTL_FAST_MATH = YES;
				ONLY_ACTIVE_ARCH = YES;
				SDKROOT = macosx;
				SWIFT_ACTIVE_COMPILATION_CONDITIONS = "DEBUG $(inherited)";
				SWIFT_OPTIMIZATION_LEVEL = "-Onone";
			};
			name = Debug;
		};
		9BF95ED82E9321E200776771 /* Release */ = {
			isa = XCBuildConfiguration;
			buildSettings = {
				ALWAYS_SEARCH_USER_PATHS = NO;
				ASSETCATALOG_COMPILER_GENERATE_SWIFT_ASSET_SYMBOL_EXTENSIONS = YES;
				CLANG_ANALYZER_NONNULL = YES;
				CLANG_ANALYZER_NUMBER_OBJECT_CONVERSION = YES_AGGRESSIVE;
				CLANG_CXX_LANGUAGE_STANDARD = "gnu++20";
				CLANG_ENABLE_MODULES = YES;
				CLANG_ENABLE_OBJC_ARC = YES;
				CLANG_ENABLE_OBJC_WEAK = YES;
				CLANG_WARN_BLOCK_CAPTURE_AUTORELEASING = YES;
				CLANG_WARN_BOOL_CONVERSION = YES;
				CLANG_WARN_COMMA = YES;
				CLANG_WARN_CONSTANT_CONVERSION = YES;
				CLANG_WARN_DEPRECATED_OBJC_IMPLEMENTATIONS = YES;
				CLANG_WARN_DIRECT_OBJC_ISA_USAGE = YES_ERROR;
				CLANG_WARN_DOCUMENTATION_COMMENTS = YES;
				CLANG_WARN_EMPTY_BODY = YES;
				CLANG_WARN_ENUM_CONVERSION = YES;
				CLANG_WARN_INFINITE_RECURSION = YES;
				CLANG_WARN_INT_CONVERSION = YES;
				CLANG_WARN_NON_LITERAL_NULL_CONVERSION = YES;
				CLANG_WARN_OBJC_IMPLICIT_RETAIN_SELF = YES;
				CLANG_WARN_OBJC_LITERAL_CONVERSION = YES;
				CLANG_WARN_OBJC_ROOT_CLASS = YES_ERROR;
				CLANG_WARN_QUOTED_INCLUDE_IN_FRAMEWORK_HEADER = YES;
				CLANG_WARN_RANGE_LOOP_ANALYSIS = YES;
				CLANG_WARN_STRICT_PROTOTYPES = YES;
				CLANG_WARN_SUSPICIOUS_MOVE = YES;
				CLANG_WARN_UNGUARDED_AVAILABILITY = YES_AGGRESSIVE;
				CLANG_WARN_UNREACHABLE_CODE = YES;
				CLANG_WARN__DUPLICATE_METHOD_MATCH = YES;
				COPY_PHASE_STRIP = NO;
				DEBUG_INFORMATION_FORMAT = "dwarf-with-dsym";
				DEVELOPMENT_TEAM = B9P888266K;
				ENABLE_NS_ASSERTIONS = NO;
				ENABLE_STRICT_OBJC_MSGSEND = YES;
				ENABLE_USER_SCRIPT_SANDBOXING = YES;
				GCC_C_LANGUAGE_STANDARD = gnu17;
				GCC_NO_COMMON_BLOCKS = YES;
				GCC_WARN_64_TO_32_BIT_CONVERSION = YES;
				GCC_WARN_ABOUT_RETURN_TYPE = YES_ERROR;
				GCC_WARN_UNDECLARED_SELECTOR = YES;
				GCC_WARN_UNINITIALIZED_AUTOS = YES_AGGRESSIVE;
				GCC_WARN_UNUSED_FUNCTION = YES;
				GCC_WARN_UNUSED_VARIABLE = YES;
				LOCALIZATION_PREFERS_STRING_CATALOGS = YES;
				MACOSX_DEPLOYMENT_TARGET = 26.0;
				MTL_ENABLE_DEBUG_INFO = NO;
				MTL_FAST_MATH = YES;
				SDKROOT = macosx;
				SWIFT_COMPILATION_MODE = wholemodule;
			};
			name = Release;
		};
		9BF95EDA2E9321E200776771 /* Debug */ = {
			isa = XCBuildConfiguration;
			buildSettings = {
				ASSETCATALOG_COMPILER_APPICON_NAME = ComfyTile;
				ASSETCATALOG_COMPILER_GLOBAL_ACCENT_COLOR_NAME = AccentColor;
				AUTOMATION_APPLE_EVENTS = NO;
				CODE_SIGN_ENTITLEMENTS = ComfyTile/ComfyTile.entitlements;
				CODE_SIGN_STYLE = Automatic;
				COMBINE_HIDPI_IMAGES = YES;
				CURRENT_PROJECT_VERSION = 12;
				DEVELOPMENT_TEAM = B9P888266K;
				ENABLE_APP_SANDBOX = NO;
				ENABLE_HARDENED_RUNTIME = YES;
				ENABLE_PREVIEWS = YES;
				ENABLE_RESOURCE_ACCESS_AUDIO_INPUT = NO;
				ENABLE_RESOURCE_ACCESS_CALENDARS = NO;
				ENABLE_RESOURCE_ACCESS_CAMERA = NO;
				ENABLE_RESOURCE_ACCESS_CONTACTS = NO;
				ENABLE_RESOURCE_ACCESS_LOCATION = NO;
				ENABLE_RESOURCE_ACCESS_PHOTO_LIBRARY = NO;
				GENERATE_INFOPLIST_FILE = YES;
				INFOPLIST_FILE = ComfyTile/Info.plist;
				INFOPLIST_KEY_NSHumanReadableCopyright = "";
				LD_RUNPATH_SEARCH_PATHS = (
					"$(inherited)",
					"@executable_path/../Frameworks",
				);
				MARKETING_VERSION = 0.6;
				PRODUCT_BUNDLE_IDENTIFIER = com.aryanrogye.ComfyTile;
				PRODUCT_NAME = "$(TARGET_NAME)";
				REGISTER_APP_GROUPS = YES;
				RUNTIME_EXCEPTION_ALLOW_DYLD_ENVIRONMENT_VARIABLES = NO;
				RUNTIME_EXCEPTION_ALLOW_JIT = NO;
				RUNTIME_EXCEPTION_ALLOW_UNSIGNED_EXECUTABLE_MEMORY = NO;
				RUNTIME_EXCEPTION_DEBUGGING_TOOL = NO;
				RUNTIME_EXCEPTION_DISABLE_EXECUTABLE_PAGE_PROTECTION = NO;
				RUNTIME_EXCEPTION_DISABLE_LIBRARY_VALIDATION = NO;
				STRING_CATALOG_GENERATE_SYMBOLS = YES;
				SWIFT_APPROACHABLE_CONCURRENCY = YES;
				SWIFT_DEFAULT_ACTOR_ISOLATION = MainActor;
				SWIFT_EMIT_LOC_STRINGS = YES;
				SWIFT_OBJC_BRIDGING_HEADER = "";
				SWIFT_STRICT_MEMORY_SAFETY = NO;
				SWIFT_UPCOMING_FEATURE_MEMBER_IMPORT_VISIBILITY = YES;
				SWIFT_VERSION = 5.0;
			};
			name = Debug;
		};
		9BF95EDB2E9321E200776771 /* Release */ = {
			isa = XCBuildConfiguration;
			buildSettings = {
				ASSETCATALOG_COMPILER_APPICON_NAME = ComfyTile;
				ASSETCATALOG_COMPILER_GLOBAL_ACCENT_COLOR_NAME = AccentColor;
				AUTOMATION_APPLE_EVENTS = NO;
				CODE_SIGN_ENTITLEMENTS = ComfyTile/ComfyTile.entitlements;
				CODE_SIGN_STYLE = Automatic;
				COMBINE_HIDPI_IMAGES = YES;
				CURRENT_PROJECT_VERSION = 12;
				DEVELOPMENT_TEAM = B9P888266K;
				ENABLE_APP_SANDBOX = NO;
				ENABLE_HARDENED_RUNTIME = YES;
				ENABLE_PREVIEWS = YES;
				ENABLE_RESOURCE_ACCESS_AUDIO_INPUT = NO;
				ENABLE_RESOURCE_ACCESS_CALENDARS = NO;
				ENABLE_RESOURCE_ACCESS_CAMERA = NO;
				ENABLE_RESOURCE_ACCESS_CONTACTS = NO;
				ENABLE_RESOURCE_ACCESS_LOCATION = NO;
				ENABLE_RESOURCE_ACCESS_PHOTO_LIBRARY = NO;
				GENERATE_INFOPLIST_FILE = YES;
				INFOPLIST_FILE = ComfyTile/Info.plist;
				INFOPLIST_KEY_NSHumanReadableCopyright = "";
				LD_RUNPATH_SEARCH_PATHS = (
					"$(inherited)",
					"@executable_path/../Frameworks",
				);
				MARKETING_VERSION = 0.6;
				PRODUCT_BUNDLE_IDENTIFIER = com.aryanrogye.ComfyTile;
				PRODUCT_NAME = "$(TARGET_NAME)";
				REGISTER_APP_GROUPS = YES;
				RUNTIME_EXCEPTION_ALLOW_DYLD_ENVIRONMENT_VARIABLES = NO;
				RUNTIME_EXCEPTION_ALLOW_JIT = NO;
				RUNTIME_EXCEPTION_ALLOW_UNSIGNED_EXECUTABLE_MEMORY = NO;
				RUNTIME_EXCEPTION_DEBUGGING_TOOL = NO;
				RUNTIME_EXCEPTION_DISABLE_EXECUTABLE_PAGE_PROTECTION = NO;
				RUNTIME_EXCEPTION_DISABLE_LIBRARY_VALIDATION = NO;
				STRING_CATALOG_GENERATE_SYMBOLS = YES;
				SWIFT_APPROACHABLE_CONCURRENCY = YES;
				SWIFT_DEFAULT_ACTOR_ISOLATION = MainActor;
				SWIFT_EMIT_LOC_STRINGS = YES;
				SWIFT_OBJC_BRIDGING_HEADER = "";
				SWIFT_STRICT_MEMORY_SAFETY = NO;
				SWIFT_UPCOMING_FEATURE_MEMBER_IMPORT_VISIBILITY = YES;
				SWIFT_VERSION = 5.0;
			};
			name = Release;
		};
/* End XCBuildConfiguration section */

/* Begin XCConfigurationList section */
		9BF95EC92E9321E000776771 /* Build configuration list for PBXProject "ComfyTile" */ = {
			isa = XCConfigurationList;
			buildConfigurations = (
				9BF95ED72E9321E200776771 /* Debug */,
				9BF95ED82E9321E200776771 /* Release */,
			);
			defaultConfigurationIsVisible = 0;
			defaultConfigurationName = Release;
		};
		9BF95ED92E9321E200776771 /* Build configuration list for PBXNativeTarget "ComfyTile" */ = {
			isa = XCConfigurationList;
			buildConfigurations = (
				9BF95EDA2E9321E200776771 /* Debug */,
				9BF95EDB2E9321E200776771 /* Release */,
			);
			defaultConfigurationIsVisible = 0;
			defaultConfigurationName = Release;
		};
/* End XCConfigurationList section */

/* Begin XCLocalSwiftPackageReference section */
		9B9BCED12F184DE00020F3AD /* XCLocalSwiftPackageReference "LocalShortcuts" */ = {
			isa = XCLocalSwiftPackageReference;
			relativePath = LocalShortcuts;
		};
		9B9BCED42F184DEC0020F3AD /* XCLocalSwiftPackageReference "ComfyLogger" */ = {
			isa = XCLocalSwiftPackageReference;
			relativePath = ComfyLogger;
		};
/* End XCLocalSwiftPackageReference section */

/* Begin XCRemoteSwiftPackageReference section */
		9B4E04B62E934B05001CF411 /* XCRemoteSwiftPackageReference "Defaults" */ = {
			isa = XCRemoteSwiftPackageReference;
			repositoryURL = "https://github.com/sindresorhus/Defaults.git";
			requirement = {
				kind = upToNextMajorVersion;
				minimumVersion = 9.0.5;
			};
		};
		9B8FBF192F1039BF00CBF4B8 /* XCRemoteSwiftPackageReference "Sparkle" */ = {
			isa = XCRemoteSwiftPackageReference;
			repositoryURL = "https://github.com/sparkle-project/Sparkle.git";
			requirement = {
				kind = upToNextMajorVersion;
				minimumVersion = 2.8.1;
			};
		};
		9BF95F0C2E9326AE00776771 /* XCRemoteSwiftPackageReference "KeyboardShortcuts" */ = {
			isa = XCRemoteSwiftPackageReference;
			repositoryURL = "https://github.com/sindresorhus/KeyboardShortcuts";
			requirement = {
				kind = upToNextMajorVersion;
				minimumVersion = 2.4.0;
			};
		};
/* End XCRemoteSwiftPackageReference section */

/* Begin XCSwiftPackageProductDependency section */
		9B490C742F0B5FFF00963D05 /* LocalShortcuts */ = {
			isa = XCSwiftPackageProductDependency;
			productName = LocalShortcuts;
		};
		9B4E04B72E934B05001CF411 /* Defaults */ = {
			isa = XCSwiftPackageProductDependency;
			package = 9B4E04B62E934B05001CF411 /* XCRemoteSwiftPackageReference "Defaults" */;
			productName = Defaults;
		};
		9B8FBD912F0F033400CBF4B8 /* ComfyLogger */ = {
			isa = XCSwiftPackageProductDependency;
			productName = ComfyLogger;
		};
		9B8FBF1A2F1039BF00CBF4B8 /* Sparkle */ = {
			isa = XCSwiftPackageProductDependency;
			package = 9B8FBF192F1039BF00CBF4B8 /* XCRemoteSwiftPackageReference "Sparkle" */;
			productName = Sparkle;
		};
		9B9BCED22F184DE00020F3AD /* LocalShortcuts */ = {
			isa = XCSwiftPackageProductDependency;
			productName = LocalShortcuts;
		};
		9B9BCED52F184DEC0020F3AD /* ComfyLogger */ = {
			isa = XCSwiftPackageProductDependency;
			productName = ComfyLogger;
		};
		9BF95F0D2E9326AE00776771 /* KeyboardShortcuts */ = {
			isa = XCSwiftPackageProductDependency;
			package = 9BF95F0C2E9326AE00776771 /* XCRemoteSwiftPackageReference "KeyboardShortcuts" */;
			productName = KeyboardShortcuts;
		};
/* End XCSwiftPackageProductDependency section */
	};
	rootObject = 9BF95EC62E9321E000776771 /* Project object */;
}
